<?xml version="1.0" encoding="utf-8"?>
<Project ToolsVersion="4.0" xmlns="http://schemas.microsoft.com/developer/msbuild/2003">
  <ItemGroup>
    <Filter Include="Source Files">
      <UniqueIdentifier>{4FC737F1-C7A5-4376-A066-2A32D752A2FF}</UniqueIdentifier>
      <Extensions>cpp;c;cc;cxx;def;odl;idl;hpj;bat;asm;asmx</Extensions>
    </Filter>
    <Filter Include="Header Files">
      <UniqueIdentifier>{93995380-89BD-4b04-88EB-625FBE52EBFB}</UniqueIdentifier>
      <Extensions>h;hpp;hxx;hm;inl;inc;xsd</Extensions>
    </Filter>
    <Filter Include="Resource Files">
      <UniqueIdentifier>{67DA6AB6-F800-4c08-8B7A-83BB121AAD01}</UniqueIdentifier>
      <Extensions>rc;ico;cur;bmp;dlg;rc2;rct;bin;rgs;gif;jpg;jpeg;jpe;resx;tiff;tif;png;wav;mfcribbon-ms</Extensions>
    </Filter>
    <Filter Include="Emu">
      <UniqueIdentifier>{d22e44fd-7851-47d9-b345-4ae9250c2446}</UniqueIdentifier>
    </Filter>
    <Filter Include="Emu\Headers">
      <UniqueIdentifier>{0302f7b4-b3d8-466c-aa21-8c5bab6efa1a}</UniqueIdentifier>
    </Filter>
    <Filter Include="Emu\Source">
      <UniqueIdentifier>{39d1c7fb-5517-4738-9d36-ddb8398bbb39}</UniqueIdentifier>
    </Filter>
  </ItemGroup>
  <ItemGroup>
    <Text Include="ReadMe.txt" />
  </ItemGroup>
  <ItemGroup>
    <ClCompile Include="Main.cpp">
      <Filter>Source Files</Filter>
    </ClCompile>
    <ClCompile Include="Chip8.cpp">
      <Filter>Source Files</Filter>
    </ClCompile>
    <ClCompile Include="WinMain.cpp">
      <Filter>Source Files</Filter>
    </ClCompile>
    <ClCompile Include="Emu.cpp">
      <Filter>Emu\Source</Filter>
    </ClCompile>
    <ClCompile Include="GPU.cpp">
      <Filter>Emu\Source</Filter>
    </ClCompile>
    <ClCompile Include="Input.cpp">
      <Filter>Emu\Source</Filter>
    </ClCompile>
    <ClCompile Include="RAM.cpp">
      <Filter>Emu\Source</Filter>
    </ClCompile>
    <ClCompile Include="Chip8-opcodes.cpp">
      <Filter>Header Files</Filter>
    </ClCompile>
    <ClCompile Include="CPU.cpp">
      <Filter>Emu\Source</Filter>
    </ClCompile>
    <ClCompile Include="CPU-OpCodes.cpp">
      <Filter>Header Files</Filter>
    </ClCompile>
  </ItemGroup>
  <ItemGroup>
    <ClInclude Include="Chip8.h">
      <Filter>Header Files</Filter>
    </ClInclude>
    <ClInclude Include="SL.h">
      <Filter>Header Files</Filter>
    </ClInclude>
    <ClInclude Include="Chip-8.h">
      <Filter>Header Files</Filter>
    </ClInclude>
    <ClInclude Include="Emu.h">
      <Filter>Emu\Headers</Filter>
    </ClInclude>
    <ClInclude Include="GPU.h">
      <Filter>Emu\Headers</Filter>
    </ClInclude>
    <ClInclude Include="Input.h">
      <Filter>Emu\Headers</Filter>
    </ClInclude>
    <ClInclude Include="RAM.h">
      <Filter>Emu\Headers</Filter>
    </ClInclude>
    <ClInclude Include="CPU.h">
      <Filter>Emu\Headers</Filter>
    </ClInclude>
    <ClInclude Include="OpCodes.h">
      <Filter>Emu\Headers</Filter>
    </ClInclude>
  </ItemGroup>
  <ItemGroup>
    <None Include="invaders.c8">
      <Filter>Resource Files</Filter>
    </None>
    <None Include="pong2.c8">
      <Filter>Resource Files</Filter>
    </None>
    <None Include="tetris.c8">
      <Filter>Resource Files</Filter>
    </None>
  </ItemGroup>
</Project>